
Microsoft Visual Studio Solution File, Format Version 12.00
# Visual Studio Version 16
VisualStudioVersion = 16.0.31624.102
MinimumVisualStudioVersion = 10.0.40219.1
Project("{FAE04EC0-301F-11D3-BF4B-00C04F79EFBC}") = "SeleniumIntro001", "SeleniumIntro001\SeleniumIntro001.csproj", "{C0BBDB5B-62C7-4E5B-9D70-090406B41776}"
EndProject
Global
	GlobalSection(SolutionConfigurationPlatforms) = preSolution
		Debug|Any CPU = Debug|Any CPU
		Release|Any CPU = Release|Any CPU
	EndGlobalSection
	GlobalSection(ProjectConfigurationPlatforms) = postSolution
		{C0BBDB5B-62C7-4E5B-9D70-090406B41776}.Debug|Any CPU.ActiveCfg = Debug|Any CPU
		{C0BBDB5B-62C7-4E5B-9D70-090406B41776}.Debug|Any CPU.Build.0 = Debug|Any CPU
		{C0BBDB5B-62C7-4E5B-9D70-090406B41776}.Release|Any CPU.ActiveCfg = Release|Any CPU
		{C0BBDB5B-62C7-4E5B-9D70-090406B41776}.Release|Any CPU.Build.0 = Release|Any CPU
	EndGlobalSection
	GlobalSection(SolutionProperties) = preSolution
		HideSolutionNode = FALSE
	EndGlobalSection
	GlobalSection(ExtensibilityGlobals) = postSolution
		SolutionGuid = {F544BE6D-2050-493A-B6C2-DBE5DC76DEE1}
	EndGlobalSection
EndGlobal
